
Microsoft Visual Studio Solution File, Format Version 12.00
# Visual Studio Version 17
VisualStudioVersion = 17.10.34916.146
MinimumVisualStudioVersion = 10.0.40219.1
Project("{9A19103F-16F7-4668-BE54-9A1E7A4F7556}") = "Iterator", "DesignPattern\Iterator.csproj", "{B69A8B69-5D0E-4D21-8D88-1F94B5C2AD6F}"
EndProject
Project("{9A19103F-16F7-4668-BE54-9A1E7A4F7556}") = "Adapter", "Adapter\Adapter.csproj", "{71F6DF8F-E3B1-4A3E-B75A-F610C747944C}"
EndProject
Project("{9A19103F-16F7-4668-BE54-9A1E7A4F7556}") = "Properties", "Properties\Properties.csproj", "{7870B495-3AE9-4AA0-AE7C-80BC5E94F0AD}"
EndProject
Project("{FAE04EC0-301F-11D3-BF4B-00C04F79EFBC}") = "Abstract", "Abstract\Abstract.csproj", "{461D9BE7-2C42-4024-8FA1-CA0292A3144B}"
EndProject
Project("{FAE04EC0-301F-11D3-BF4B-00C04F79EFBC}") = "Framework", "Framework\Framework.csproj", "{3E24CADE-7DFD-4658-B60A-6B84F5A9805F}"
EndProject
Project("{FAE04EC0-301F-11D3-BF4B-00C04F79EFBC}") = "FactoryMethod", "FactoryMethod\FactoryMethod.csproj", "{89AE55AB-E601-4479-8F8A-E8A6D45626A2}"
EndProject
Project("{FAE04EC0-301F-11D3-BF4B-00C04F79EFBC}") = "IDCard", "IDCard\IDCard.csproj", "{105AAA69-8801-458B-815F-CCFDD403BF1D}"
EndProject
Project("{FAE04EC0-301F-11D3-BF4B-00C04F79EFBC}") = "Singleton", "Singleton\Singleton.csproj", "{870A85FD-7870-491E-BA2C-C24ABC662FFC}"
EndProject
Project("{FAE04EC0-301F-11D3-BF4B-00C04F79EFBC}") = "Prototype", "Prototype\Prototype.csproj", "{09DF8D09-2B93-4F95-B689-07447D7175D5}"
EndProject
Project("{FAE04EC0-301F-11D3-BF4B-00C04F79EFBC}") = "Builder", "Builder\Builder.csproj", "{20E36BE6-641D-4333-B553-ACA8947F1D1C}"
EndProject
Project("{FAE04EC0-301F-11D3-BF4B-00C04F79EFBC}") = "Factory", "Factory\Factory.csproj", "{E29CFB18-C1F5-4A91-9763-E3856E1095AD}"
EndProject
Project("{FAE04EC0-301F-11D3-BF4B-00C04F79EFBC}") = "ListFactories", "ListFactories\ListFactories.csproj", "{8BB8DFE3-84BF-4625-8D9F-75BBDBFFDB7D}"
EndProject
Project("{FAE04EC0-301F-11D3-BF4B-00C04F79EFBC}") = "DivFactories", "DivFactories\DivFactories.csproj", "{C3C777B6-BC50-4FDD-B06E-6D6A2AF31A0E}"
EndProject
Project("{FAE04EC0-301F-11D3-BF4B-00C04F79EFBC}") = "Bridge", "Bridge\Bridge.csproj", "{8628A3CB-3C1F-4C75-B164-C647131CA4C8}"
EndProject
Project("{FAE04EC0-301F-11D3-BF4B-00C04F79EFBC}") = "Strategy", "Strategy\Strategy.csproj", "{8970967B-93D7-4276-BB3C-657888BBEA56}"
EndProject
Global
	GlobalSection(SolutionConfigurationPlatforms) = preSolution
		Debug|Any CPU = Debug|Any CPU
		Release|Any CPU = Release|Any CPU
	EndGlobalSection
	GlobalSection(ProjectConfigurationPlatforms) = postSolution
		{B69A8B69-5D0E-4D21-8D88-1F94B5C2AD6F}.Debug|Any CPU.ActiveCfg = Debug|Any CPU
		{B69A8B69-5D0E-4D21-8D88-1F94B5C2AD6F}.Debug|Any CPU.Build.0 = Debug|Any CPU
		{B69A8B69-5D0E-4D21-8D88-1F94B5C2AD6F}.Release|Any CPU.ActiveCfg = Release|Any CPU
		{B69A8B69-5D0E-4D21-8D88-1F94B5C2AD6F}.Release|Any CPU.Build.0 = Release|Any CPU
		{71F6DF8F-E3B1-4A3E-B75A-F610C747944C}.Debug|Any CPU.ActiveCfg = Debug|Any CPU
		{71F6DF8F-E3B1-4A3E-B75A-F610C747944C}.Debug|Any CPU.Build.0 = Debug|Any CPU
		{71F6DF8F-E3B1-4A3E-B75A-F610C747944C}.Release|Any CPU.ActiveCfg = Release|Any CPU
		{71F6DF8F-E3B1-4A3E-B75A-F610C747944C}.Release|Any CPU.Build.0 = Release|Any CPU
		{7870B495-3AE9-4AA0-AE7C-80BC5E94F0AD}.Debug|Any CPU.ActiveCfg = Debug|Any CPU
		{7870B495-3AE9-4AA0-AE7C-80BC5E94F0AD}.Debug|Any CPU.Build.0 = Debug|Any CPU
		{7870B495-3AE9-4AA0-AE7C-80BC5E94F0AD}.Release|Any CPU.ActiveCfg = Release|Any CPU
		{7870B495-3AE9-4AA0-AE7C-80BC5E94F0AD}.Release|Any CPU.Build.0 = Release|Any CPU
		{461D9BE7-2C42-4024-8FA1-CA0292A3144B}.Debug|Any CPU.ActiveCfg = Debug|Any CPU
		{461D9BE7-2C42-4024-8FA1-CA0292A3144B}.Debug|Any CPU.Build.0 = Debug|Any CPU
		{461D9BE7-2C42-4024-8FA1-CA0292A3144B}.Release|Any CPU.ActiveCfg = Release|Any CPU
		{461D9BE7-2C42-4024-8FA1-CA0292A3144B}.Release|Any CPU.Build.0 = Release|Any CPU
		{3E24CADE-7DFD-4658-B60A-6B84F5A9805F}.Debug|Any CPU.ActiveCfg = Debug|Any CPU
		{3E24CADE-7DFD-4658-B60A-6B84F5A9805F}.Debug|Any CPU.Build.0 = Debug|Any CPU
		{3E24CADE-7DFD-4658-B60A-6B84F5A9805F}.Release|Any CPU.ActiveCfg = Release|Any CPU
		{3E24CADE-7DFD-4658-B60A-6B84F5A9805F}.Release|Any CPU.Build.0 = Release|Any CPU
		{89AE55AB-E601-4479-8F8A-E8A6D45626A2}.Debug|Any CPU.ActiveCfg = Debug|Any CPU
		{89AE55AB-E601-4479-8F8A-E8A6D45626A2}.Debug|Any CPU.Build.0 = Debug|Any CPU
		{89AE55AB-E601-4479-8F8A-E8A6D45626A2}.Release|Any CPU.ActiveCfg = Release|Any CPU
		{89AE55AB-E601-4479-8F8A-E8A6D45626A2}.Release|Any CPU.Build.0 = Release|Any CPU
		{105AAA69-8801-458B-815F-CCFDD403BF1D}.Debug|Any CPU.ActiveCfg = Debug|Any CPU
		{105AAA69-8801-458B-815F-CCFDD403BF1D}.Debug|Any CPU.Build.0 = Debug|Any CPU
		{105AAA69-8801-458B-815F-CCFDD403BF1D}.Release|Any CPU.ActiveCfg = Release|Any CPU
		{105AAA69-8801-458B-815F-CCFDD403BF1D}.Release|Any CPU.Build.0 = Release|Any CPU
		{870A85FD-7870-491E-BA2C-C24ABC662FFC}.Debug|Any CPU.ActiveCfg = Debug|Any CPU
		{870A85FD-7870-491E-BA2C-C24ABC662FFC}.Debug|Any CPU.Build.0 = Debug|Any CPU
		{870A85FD-7870-491E-BA2C-C24ABC662FFC}.Release|Any CPU.ActiveCfg = Release|Any CPU
		{870A85FD-7870-491E-BA2C-C24ABC662FFC}.Release|Any CPU.Build.0 = Release|Any CPU
		{09DF8D09-2B93-4F95-B689-07447D7175D5}.Debug|Any CPU.ActiveCfg = Debug|Any CPU
		{09DF8D09-2B93-4F95-B689-07447D7175D5}.Debug|Any CPU.Build.0 = Debug|Any CPU
		{09DF8D09-2B93-4F95-B689-07447D7175D5}.Release|Any CPU.ActiveCfg = Release|Any CPU
		{09DF8D09-2B93-4F95-B689-07447D7175D5}.Release|Any CPU.Build.0 = Release|Any CPU
		{20E36BE6-641D-4333-B553-ACA8947F1D1C}.Debug|Any CPU.ActiveCfg = Debug|Any CPU
		{20E36BE6-641D-4333-B553-ACA8947F1D1C}.Debug|Any CPU.Build.0 = Debug|Any CPU
		{20E36BE6-641D-4333-B553-ACA8947F1D1C}.Release|Any CPU.ActiveCfg = Release|Any CPU
		{20E36BE6-641D-4333-B553-ACA8947F1D1C}.Release|Any CPU.Build.0 = Release|Any CPU
		{E29CFB18-C1F5-4A91-9763-E3856E1095AD}.Debug|Any CPU.ActiveCfg = Debug|Any CPU
		{E29CFB18-C1F5-4A91-9763-E3856E1095AD}.Debug|Any CPU.Build.0 = Debug|Any CPU
		{E29CFB18-C1F5-4A91-9763-E3856E1095AD}.Release|Any CPU.ActiveCfg = Release|Any CPU
		{E29CFB18-C1F5-4A91-9763-E3856E1095AD}.Release|Any CPU.Build.0 = Release|Any CPU
		{8BB8DFE3-84BF-4625-8D9F-75BBDBFFDB7D}.Debug|Any CPU.ActiveCfg = Debug|Any CPU
		{8BB8DFE3-84BF-4625-8D9F-75BBDBFFDB7D}.Debug|Any CPU.Build.0 = Debug|Any CPU
		{8BB8DFE3-84BF-4625-8D9F-75BBDBFFDB7D}.Release|Any CPU.ActiveCfg = Release|Any CPU
		{8BB8DFE3-84BF-4625-8D9F-75BBDBFFDB7D}.Release|Any CPU.Build.0 = Release|Any CPU
		{C3C777B6-BC50-4FDD-B06E-6D6A2AF31A0E}.Debug|Any CPU.ActiveCfg = Debug|Any CPU
		{C3C777B6-BC50-4FDD-B06E-6D6A2AF31A0E}.Debug|Any CPU.Build.0 = Debug|Any CPU
		{C3C777B6-BC50-4FDD-B06E-6D6A2AF31A0E}.Release|Any CPU.ActiveCfg = Release|Any CPU
		{C3C777B6-BC50-4FDD-B06E-6D6A2AF31A0E}.Release|Any CPU.Build.0 = Release|Any CPU
		{8628A3CB-3C1F-4C75-B164-C647131CA4C8}.Debug|Any CPU.ActiveCfg = Debug|Any CPU
		{8628A3CB-3C1F-4C75-B164-C647131CA4C8}.Debug|Any CPU.Build.0 = Debug|Any CPU
		{8628A3CB-3C1F-4C75-B164-C647131CA4C8}.Release|Any CPU.ActiveCfg = Release|Any CPU
		{8628A3CB-3C1F-4C75-B164-C647131CA4C8}.Release|Any CPU.Build.0 = Release|Any CPU
		{8970967B-93D7-4276-BB3C-657888BBEA56}.Debug|Any CPU.ActiveCfg = Debug|Any CPU
		{8970967B-93D7-4276-BB3C-657888BBEA56}.Debug|Any CPU.Build.0 = Debug|Any CPU
		{8970967B-93D7-4276-BB3C-657888BBEA56}.Release|Any CPU.ActiveCfg = Release|Any CPU
		{8970967B-93D7-4276-BB3C-657888BBEA56}.Release|Any CPU.Build.0 = Release|Any CPU
	EndGlobalSection
	GlobalSection(SolutionProperties) = preSolution
		HideSolutionNode = FALSE
	EndGlobalSection
	GlobalSection(ExtensibilityGlobals) = postSolution
		SolutionGuid = {8FA9EB41-2C74-49E8-B2D9-817CFBFC9B98}
	EndGlobalSection
EndGlobal
